
Microsoft Visual Studio Solution File, Format Version 12.00
# Visual Studio Version 17
VisualStudioVersion = 17.5.002.0
MinimumVisualStudioVersion = 10.0.40219.1
Project("{2150E333-8FDC-42A3-9474-1A3956D46DE8}") = "CalendarBase", "CalendarBase", "{C918E033-156B-4E08-A843-05D913638B76}"
EndProject
Project("{9A19103F-16F7-4668-BE54-9A1E7A4F7556}") = "CalendarBase", "CalendarBase\Files\CalendarBase.csproj", "{A3D96AAA-6D85-4A39-93F2-FE4E518053C3}"
EndProject
Project("{2150E333-8FDC-42A3-9474-1A3956D46DE8}") = "CrtBaseConsts", "CrtBaseConsts", "{308E3F13-5B36-4460-97B6-A1176FD6EFA2}"
EndProject
Project("{9A19103F-16F7-4668-BE54-9A1E7A4F7556}") = "CrtBaseConsts", "CrtBaseConsts\Files\CrtBaseConsts.csproj", "{6E7C7C25-48EE-41F7-8DFF-6FDFDC2B16F0}"
EndProject
Project("{2150E333-8FDC-42A3-9474-1A3956D46DE8}") = "CrtCalendar", "CrtCalendar", "{F81D7DEF-BB2D-4266-82F1-4CFB771FC6EC}"
EndProject
Project("{9A19103F-16F7-4668-BE54-9A1E7A4F7556}") = "CrtCalendar", "CrtCalendar\Files\CrtCalendar.csproj", "{FBFEE8DF-8942-42BB-9311-E112F32F9A86}"
EndProject
Project("{2150E333-8FDC-42A3-9474-1A3956D46DE8}") = "CrtCall", "CrtCall", "{CCD1DBD3-47D1-4EFF-8071-4A5E0214EF37}"
EndProject
Project("{9A19103F-16F7-4668-BE54-9A1E7A4F7556}") = "CrtCall", "CrtCall\Files\CrtCall.csproj", "{FDB76285-AEBF-4117-9CE1-928F8DE352A2}"
EndProject
Project("{2150E333-8FDC-42A3-9474-1A3956D46DE8}") = "CrtCopilot", "CrtCopilot", "{67BD32BB-7544-4B2C-AF19-24495064EF5F}"
EndProject
Project("{9A19103F-16F7-4668-BE54-9A1E7A4F7556}") = "CrtCopilot", "CrtCopilot\Files\CrtCopilot.csproj", "{00C585BA-7990-4586-8C7D-F2FC45174CE0}"
EndProject
Project("{2150E333-8FDC-42A3-9474-1A3956D46DE8}") = "CrtCopilotIntentsStudio", "CrtCopilotIntentsStudio", "{F383B410-0F39-4887-BCC9-9AB7D10B2F39}"
EndProject
Project("{9A19103F-16F7-4668-BE54-9A1E7A4F7556}") = "CrtCopilotIntentsStudio", "CrtCopilotIntentsStudio\Files\CrtCopilotIntentsStudio.csproj", "{1A3F8A65-9AA3-476B-902D-493619FEE4F9}"
EndProject
Project("{2150E333-8FDC-42A3-9474-1A3956D46DE8}") = "CrtCore", "CrtCore", "{68945ADE-5DD0-427E-9039-A5D6FA3BA5A6}"
EndProject
Project("{9A19103F-16F7-4668-BE54-9A1E7A4F7556}") = "CrtCore", "CrtCore\Files\CrtCore.csproj", "{1E1B6BB0-F19D-435D-8237-9BAD5030D78A}"
EndProject
Project("{2150E333-8FDC-42A3-9474-1A3956D46DE8}") = "CrtCoreBase", "CrtCoreBase", "{F1FABB91-4BA8-4015-A07A-AD6BE906595C}"
EndProject
Project("{9A19103F-16F7-4668-BE54-9A1E7A4F7556}") = "CrtCoreBase", "CrtCoreBase\Files\CrtCoreBase.csproj", "{5C39E6B5-A579-4BB1-812E-3C6D11117836}"
EndProject
Project("{2150E333-8FDC-42A3-9474-1A3956D46DE8}") = "CrtEmailSender", "CrtEmailSender", "{AA51AB9D-C963-418B-9AF2-01510E6EAFCA}"
EndProject
Project("{9A19103F-16F7-4668-BE54-9A1E7A4F7556}") = "CrtEmailSender", "CrtEmailSender\Files\CrtEmailSender.csproj", "{281B0454-F990-4489-B84C-6253F39552C5}"
EndProject
Project("{2150E333-8FDC-42A3-9474-1A3956D46DE8}") = "CrtEmailTemplate", "CrtEmailTemplate", "{90C3BE58-ECC4-4903-88EE-8687B7CF7556}"
EndProject
Project("{9A19103F-16F7-4668-BE54-9A1E7A4F7556}") = "CrtEmailTemplate", "CrtEmailTemplate\Files\CrtEmailTemplate.csproj", "{36EF3324-31A5-45F4-B41B-E592E459417D}"
EndProject
Project("{2150E333-8FDC-42A3-9474-1A3956D46DE8}") = "CrtFeatureToggling", "CrtFeatureToggling", "{A745092D-24EF-41D6-9D70-61345FBD2E9F}"
EndProject
Project("{9A19103F-16F7-4668-BE54-9A1E7A4F7556}") = "CrtFeatureToggling", "CrtFeatureToggling\Files\CrtFeatureToggling.csproj", "{C5F83DC2-FCB6-4BAF-8E7C-CEE837425B69}"
EndProject
Project("{2150E333-8FDC-42A3-9474-1A3956D46DE8}") = "CrtMacrosBase", "CrtMacrosBase", "{7377ADE9-4A2D-4A9B-A7FC-1EAD793612DD}"
EndProject
Project("{9A19103F-16F7-4668-BE54-9A1E7A4F7556}") = "CrtMacrosBase", "CrtMacrosBase\Files\CrtMacrosBase.csproj", "{817E6ECA-1622-4BE1-B47D-D57FDA239AB6}"
EndProject
Project("{2150E333-8FDC-42A3-9474-1A3956D46DE8}") = "CrtMessage", "CrtMessage", "{504848E3-0CF0-47D1-92E8-21942607E9B1}"
EndProject
Project("{9A19103F-16F7-4668-BE54-9A1E7A4F7556}") = "CrtMessage", "CrtMessage\Files\CrtMessage.csproj", "{43823E8D-01F8-4E16-BE0D-A5257E1E1F6C}"
EndProject
Project("{2150E333-8FDC-42A3-9474-1A3956D46DE8}") = "CrtML", "CrtML", "{551C5149-8E7C-4663-97DD-1AD12BD25527}"
EndProject
Project("{9A19103F-16F7-4668-BE54-9A1E7A4F7556}") = "CrtML", "CrtML\Files\CrtML.csproj", "{A3D16720-302E-485F-B02A-D150B07B2E12}"
EndProject
Project("{2150E333-8FDC-42A3-9474-1A3956D46DE8}") = "CrtMLangContent", "CrtMLangContent", "{EB2A3DB5-839E-46C1-8373-EB15448FAD00}"
EndProject
Project("{9A19103F-16F7-4668-BE54-9A1E7A4F7556}") = "CrtMLangContent", "CrtMLangContent\Files\CrtMLangContent.csproj", "{EB9901C3-EF23-4E53-A0F0-87283C3968A3}"
EndProject
Project("{2150E333-8FDC-42A3-9474-1A3956D46DE8}") = "CrtMobileFreedomUIStylesFor7x", "CrtMobileFreedomUIStylesFor7x", "{4DFF7BD9-A59A-4328-B981-46DB440881D6}"
EndProject
Project("{9A19103F-16F7-4668-BE54-9A1E7A4F7556}") = "CrtMobileFreedomUIStylesFor7x", "CrtMobileFreedomUIStylesFor7x\Files\CrtMobileFreedomUIStylesFor7x.csproj", "{ADFB68DC-255C-4974-AFBB-BCA6CD96B9E3}"
EndProject
Project("{2150E333-8FDC-42A3-9474-1A3956D46DE8}") = "CrtNextStep", "CrtNextStep", "{4C6E39E5-A15A-44CB-906C-91C722FA7C9E}"
EndProject
Project("{9A19103F-16F7-4668-BE54-9A1E7A4F7556}") = "CrtNextStep", "CrtNextStep\Files\CrtNextStep.csproj", "{7F8D412D-125E-4B8C-8999-F18F7A887D54}"
EndProject
Project("{2150E333-8FDC-42A3-9474-1A3956D46DE8}") = "CrtOmnichannelApp", "CrtOmnichannelApp", "{43017B36-B4F2-411D-BD23-A7AE5A3B24E7}"
EndProject
Project("{9A19103F-16F7-4668-BE54-9A1E7A4F7556}") = "CrtOmnichannelApp", "CrtOmnichannelApp\Files\CrtOmnichannelApp.csproj", "{9F79A705-C281-46B0-9A9F-F70E1C9394C9}"
EndProject
Project("{2150E333-8FDC-42A3-9474-1A3956D46DE8}") = "CrtProductivityApp", "CrtProductivityApp", "{52762CC9-DF2D-4C4D-90C5-7E2EF50541A5}"
EndProject
Project("{9A19103F-16F7-4668-BE54-9A1E7A4F7556}") = "CrtProductivityApp", "CrtProductivityApp\Files\CrtProductivityApp.csproj", "{9A6E52C0-A178-435C-8FC4-7AABC647F949}"
EndProject
Project("{2150E333-8FDC-42A3-9474-1A3956D46DE8}") = "CrtProductivityCopilot", "CrtProductivityCopilot", "{79968911-5B12-450D-BE35-EB43302169CF}"
EndProject
Project("{9A19103F-16F7-4668-BE54-9A1E7A4F7556}") = "CrtProductivityCopilot", "CrtProductivityCopilot\Files\CrtProductivityCopilot.csproj", "{327485CE-E9BF-40A7-906D-5A71999437E6}"
EndProject
Project("{2150E333-8FDC-42A3-9474-1A3956D46DE8}") = "CrtProductivityMobile", "CrtProductivityMobile", "{87C11B1B-5B38-4309-A42E-5BF5EBFD2674}"
EndProject
Project("{9A19103F-16F7-4668-BE54-9A1E7A4F7556}") = "CrtProductivityMobile", "CrtProductivityMobile\Files\CrtProductivityMobile.csproj", "{FFD67886-0251-48B7-B56D-9A7F9546B9FF}"
EndProject
Project("{2150E333-8FDC-42A3-9474-1A3956D46DE8}") = "CrtSecurity", "CrtSecurity", "{8FBF5A7D-9E14-4595-8638-AF222282858C}"
EndProject
Project("{9A19103F-16F7-4668-BE54-9A1E7A4F7556}") = "CrtSecurity", "CrtSecurity\Files\CrtSecurity.csproj", "{A7206FCD-1EAD-4CC2-9CDD-737A814AB241}"
EndProject
Project("{2150E333-8FDC-42A3-9474-1A3956D46DE8}") = "CrtSecurity7x", "CrtSecurity7x", "{6AB1DE30-34C4-421D-91AE-D7074C2CD70E}"
EndProject
Project("{9A19103F-16F7-4668-BE54-9A1E7A4F7556}") = "CrtSecurity7x", "CrtSecurity7x\Files\CrtSecurity7x.csproj", "{100F7964-4EE5-4DB3-9152-7796CFAD6354}"
EndProject
Project("{2150E333-8FDC-42A3-9474-1A3956D46DE8}") = "CrtSmsIntegration", "CrtSmsIntegration", "{08614275-F1B1-484E-AE55-686EB8B281E9}"
EndProject
Project("{9A19103F-16F7-4668-BE54-9A1E7A4F7556}") = "CrtSmsIntegration", "CrtSmsIntegration\Files\CrtSmsIntegration.csproj", "{32547DAF-AB6D-4CB6-ADF4-B62AFABA5A8D}"
EndProject
Project("{2150E333-8FDC-42A3-9474-1A3956D46DE8}") = "CrtSpecification", "CrtSpecification", "{1F8F9ADC-A557-4FB6-BB29-BB4545682E2C}"
EndProject
Project("{9A19103F-16F7-4668-BE54-9A1E7A4F7556}") = "CrtSpecification", "CrtSpecification\Files\CrtSpecification.csproj", "{76E4B808-9B7F-4B8B-86BD-A5486D4866CF}"
EndProject
Project("{2150E333-8FDC-42A3-9474-1A3956D46DE8}") = "CrtStudioCopilot", "CrtStudioCopilot", "{641D6677-5875-4C7D-84D1-84634CF3D65B}"
EndProject
Project("{9A19103F-16F7-4668-BE54-9A1E7A4F7556}") = "CrtStudioCopilot", "CrtStudioCopilot\Files\CrtStudioCopilot.csproj", "{6923012F-7238-41A8-A00A-F1C95AD61931}"
EndProject
Project("{2150E333-8FDC-42A3-9474-1A3956D46DE8}") = "CrtTechnicalUsers", "CrtTechnicalUsers", "{94F0E9BD-2532-41BF-9DCE-F717978C6BEE}"
EndProject
Project("{9A19103F-16F7-4668-BE54-9A1E7A4F7556}") = "CrtTechnicalUsers", "CrtTechnicalUsers\Files\CrtTechnicalUsers.csproj", "{491F00CA-CE9D-4FDD-A1C6-0D2D7F581B1D}"
EndProject
Project("{2150E333-8FDC-42A3-9474-1A3956D46DE8}") = "CrtTouchPointBase", "CrtTouchPointBase", "{BE05DE28-B4F0-4736-B124-C6B0482775C7}"
EndProject
Project("{9A19103F-16F7-4668-BE54-9A1E7A4F7556}") = "CrtTouchPointBase", "CrtTouchPointBase\Files\CrtTouchPointBase.csproj", "{4188C6D5-16A2-4BB0-8F01-BC6ED9000A29}"
EndProject
Project("{2150E333-8FDC-42A3-9474-1A3956D46DE8}") = "CrtUIPlatform", "CrtUIPlatform", "{2B30D992-813F-4614-9B0E-8BD6050BE5B4}"
EndProject
Project("{9A19103F-16F7-4668-BE54-9A1E7A4F7556}") = "CrtUIPlatform", "CrtUIPlatform\Files\CrtUIPlatform.csproj", "{74E04A1E-821D-4FE8-B57D-A67BC9A57122}"
EndProject
Project("{2150E333-8FDC-42A3-9474-1A3956D46DE8}") = "CrtUIPlatform7x", "CrtUIPlatform7x", "{6CEA3663-7928-45E3-9DD0-90EE1037367E}"
EndProject
Project("{9A19103F-16F7-4668-BE54-9A1E7A4F7556}") = "CrtUIPlatform7x", "CrtUIPlatform7x\Files\CrtUIPlatform7x.csproj", "{8BFAFF52-74CD-43F0-80C5-85E72BDBA1A2}"
EndProject
Project("{2150E333-8FDC-42A3-9474-1A3956D46DE8}") = "CrtUISwitcher", "CrtUISwitcher", "{9B71AF2C-A73C-4B12-86D0-4A5EB9221131}"
EndProject
Project("{9A19103F-16F7-4668-BE54-9A1E7A4F7556}") = "CrtUISwitcher", "CrtUISwitcher\Files\CrtUISwitcher.csproj", "{1DE72650-BEFB-475E-B911-BD5E76648EF7}"
EndProject
Project("{2150E333-8FDC-42A3-9474-1A3956D46DE8}") = "CrtWebFormBase", "CrtWebFormBase", "{C888025F-06EF-4B08-81F9-38E7649AB604}"
EndProject
Project("{9A19103F-16F7-4668-BE54-9A1E7A4F7556}") = "CrtWebFormBase", "CrtWebFormBase\Files\CrtWebFormBase.csproj", "{B799E489-7CC7-41D4-8A13-F27AB918AB88}"
EndProject
Project("{2150E333-8FDC-42A3-9474-1A3956D46DE8}") = "CrtWebhookServiceBase", "CrtWebhookServiceBase", "{31B64F7B-2F21-4F85-B30A-2E912F570DA8}"
EndProject
Project("{9A19103F-16F7-4668-BE54-9A1E7A4F7556}") = "CrtWebhookServiceBase", "CrtWebhookServiceBase\Files\CrtWebhookServiceBase.csproj", "{0266D8D8-6FF4-4A7D-84B1-AF3ADD8A3916}"
EndProject
Project("{2150E333-8FDC-42A3-9474-1A3956D46DE8}") = "CSP", "CSP", "{B1778E8B-DB01-4A02-8F13-13016878C07A}"
EndProject
Project("{9A19103F-16F7-4668-BE54-9A1E7A4F7556}") = "CSP", "CSP\Files\CSP.csproj", "{A784E173-639E-4472-9242-6E39A9FC4731}"
EndProject
Project("{2150E333-8FDC-42A3-9474-1A3956D46DE8}") = "DevClassic", "DevClassic", "{3EB0E97C-FBF9-49C4-BB89-19ABFED85747}"
EndProject
Project("{9A19103F-16F7-4668-BE54-9A1E7A4F7556}") = "DevClassic", "DevClassic\Files\DevClassic.csproj", "{2C18282E-A7F6-444D-8F9F-F7D4249277B5}"
EndProject
Project("{2150E333-8FDC-42A3-9474-1A3956D46DE8}") = "FeatureToggling", "FeatureToggling", "{C91A009D-A0B4-4D4A-B229-20F27DAE6B64}"
EndProject
Project("{9A19103F-16F7-4668-BE54-9A1E7A4F7556}") = "FeatureToggling", "FeatureToggling\Files\FeatureToggling.csproj", "{D325940B-51DC-4143-B952-1D97456F2ECE}"
EndProject
Project("{2150E333-8FDC-42A3-9474-1A3956D46DE8}") = "Finesse", "Finesse", "{961A0BA2-8F13-424B-A6AD-F856A9C76E59}"
EndProject
Project("{9A19103F-16F7-4668-BE54-9A1E7A4F7556}") = "Finesse", "Finesse\Files\Finesse.csproj", "{AFAC8DCE-1A89-47CE-9BCF-4D04D14A2FA7}"
EndProject
Project("{2150E333-8FDC-42A3-9474-1A3956D46DE8}") = "MLProcessDesigner", "MLProcessDesigner", "{2C866225-F8E3-4BBC-8CF9-5166D738128C}"
EndProject
Project("{9A19103F-16F7-4668-BE54-9A1E7A4F7556}") = "MLProcessDesigner", "MLProcessDesigner\Files\MLProcessDesigner.csproj", "{FA2D3F8E-1CC4-4D81-B672-49C6A642DF31}"
EndProject
Project("{2150E333-8FDC-42A3-9474-1A3956D46DE8}") = "OpenIdAuth", "OpenIdAuth", "{816A5BC6-28AC-4D19-98A2-2E6F159CBBA1}"
EndProject
Project("{9A19103F-16F7-4668-BE54-9A1E7A4F7556}") = "OpenIdAuth", "OpenIdAuth\Files\OpenIdAuth.csproj", "{1D45BFA1-9A5C-48AA-A41D-05843C547B01}"
EndProject
Project("{2150E333-8FDC-42A3-9474-1A3956D46DE8}") = "SsoSettings", "SsoSettings", "{1FEB3200-879E-45D2-A9A6-7753F9884CAD}"
EndProject
Project("{9A19103F-16F7-4668-BE54-9A1E7A4F7556}") = "SsoSettings", "SsoSettings\Files\SsoSettings.csproj", "{CC8340C2-039E-4C27-99AF-C4222E86AAAF}"
EndProject
Project("{2150E333-8FDC-42A3-9474-1A3956D46DE8}") = "XSSProtection", "XSSProtection", "{B491C954-1FB6-4F29-9FC6-07C95ADEC96E}"
EndProject
Project("{9A19103F-16F7-4668-BE54-9A1E7A4F7556}") = "XSSProtection", "XSSProtection\Files\XSSProtection.csproj", "{E41E4773-5974-4711-A2A2-34788AD5E947}"
EndProject
Global
	GlobalSection(SolutionConfigurationPlatforms) = preSolution
		Debug|Any CPU = Debug|Any CPU
		Release|Any CPU = Release|Any CPU
	EndGlobalSection
	GlobalSection(ProjectConfigurationPlatforms) = postSolution
		{A3D96AAA-6D85-4A39-93F2-FE4E518053C3}.Debug|Any CPU.ActiveCfg = Debug|Any CPU
		{A3D96AAA-6D85-4A39-93F2-FE4E518053C3}.Debug|Any CPU.Build.0 = Debug|Any CPU
		{A3D96AAA-6D85-4A39-93F2-FE4E518053C3}.Release|Any CPU.ActiveCfg = Release|Any CPU
		{A3D96AAA-6D85-4A39-93F2-FE4E518053C3}.Release|Any CPU.Build.0 = Release|Any CPU
		{6E7C7C25-48EE-41F7-8DFF-6FDFDC2B16F0}.Debug|Any CPU.ActiveCfg = Debug|Any CPU
		{6E7C7C25-48EE-41F7-8DFF-6FDFDC2B16F0}.Debug|Any CPU.Build.0 = Debug|Any CPU
		{6E7C7C25-48EE-41F7-8DFF-6FDFDC2B16F0}.Release|Any CPU.ActiveCfg = Release|Any CPU
		{6E7C7C25-48EE-41F7-8DFF-6FDFDC2B16F0}.Release|Any CPU.Build.0 = Release|Any CPU
		{FBFEE8DF-8942-42BB-9311-E112F32F9A86}.Debug|Any CPU.ActiveCfg = Debug|Any CPU
		{FBFEE8DF-8942-42BB-9311-E112F32F9A86}.Debug|Any CPU.Build.0 = Debug|Any CPU
		{FBFEE8DF-8942-42BB-9311-E112F32F9A86}.Release|Any CPU.ActiveCfg = Release|Any CPU
		{FBFEE8DF-8942-42BB-9311-E112F32F9A86}.Release|Any CPU.Build.0 = Release|Any CPU
		{FDB76285-AEBF-4117-9CE1-928F8DE352A2}.Debug|Any CPU.ActiveCfg = Debug|Any CPU
		{FDB76285-AEBF-4117-9CE1-928F8DE352A2}.Debug|Any CPU.Build.0 = Debug|Any CPU
		{FDB76285-AEBF-4117-9CE1-928F8DE352A2}.Release|Any CPU.ActiveCfg = Release|Any CPU
		{FDB76285-AEBF-4117-9CE1-928F8DE352A2}.Release|Any CPU.Build.0 = Release|Any CPU
		{00C585BA-7990-4586-8C7D-F2FC45174CE0}.Debug|Any CPU.ActiveCfg = Debug|Any CPU
		{00C585BA-7990-4586-8C7D-F2FC45174CE0}.Debug|Any CPU.Build.0 = Debug|Any CPU
		{00C585BA-7990-4586-8C7D-F2FC45174CE0}.Release|Any CPU.ActiveCfg = Release|Any CPU
		{00C585BA-7990-4586-8C7D-F2FC45174CE0}.Release|Any CPU.Build.0 = Release|Any CPU
		{1A3F8A65-9AA3-476B-902D-493619FEE4F9}.Debug|Any CPU.ActiveCfg = Debug|Any CPU
		{1A3F8A65-9AA3-476B-902D-493619FEE4F9}.Debug|Any CPU.Build.0 = Debug|Any CPU
		{1A3F8A65-9AA3-476B-902D-493619FEE4F9}.Release|Any CPU.ActiveCfg = Release|Any CPU
		{1A3F8A65-9AA3-476B-902D-493619FEE4F9}.Release|Any CPU.Build.0 = Release|Any CPU
		{1E1B6BB0-F19D-435D-8237-9BAD5030D78A}.Debug|Any CPU.ActiveCfg = Debug|Any CPU
		{1E1B6BB0-F19D-435D-8237-9BAD5030D78A}.Debug|Any CPU.Build.0 = Debug|Any CPU
		{1E1B6BB0-F19D-435D-8237-9BAD5030D78A}.Release|Any CPU.ActiveCfg = Release|Any CPU
		{1E1B6BB0-F19D-435D-8237-9BAD5030D78A}.Release|Any CPU.Build.0 = Release|Any CPU
		{5C39E6B5-A579-4BB1-812E-3C6D11117836}.Debug|Any CPU.ActiveCfg = Debug|Any CPU
		{5C39E6B5-A579-4BB1-812E-3C6D11117836}.Debug|Any CPU.Build.0 = Debug|Any CPU
		{5C39E6B5-A579-4BB1-812E-3C6D11117836}.Release|Any CPU.ActiveCfg = Release|Any CPU
		{5C39E6B5-A579-4BB1-812E-3C6D11117836}.Release|Any CPU.Build.0 = Release|Any CPU
		{281B0454-F990-4489-B84C-6253F39552C5}.Debug|Any CPU.ActiveCfg = Debug|Any CPU
		{281B0454-F990-4489-B84C-6253F39552C5}.Debug|Any CPU.Build.0 = Debug|Any CPU
		{281B0454-F990-4489-B84C-6253F39552C5}.Release|Any CPU.ActiveCfg = Release|Any CPU
		{281B0454-F990-4489-B84C-6253F39552C5}.Release|Any CPU.Build.0 = Release|Any CPU
		{36EF3324-31A5-45F4-B41B-E592E459417D}.Debug|Any CPU.ActiveCfg = Debug|Any CPU
		{36EF3324-31A5-45F4-B41B-E592E459417D}.Debug|Any CPU.Build.0 = Debug|Any CPU
		{36EF3324-31A5-45F4-B41B-E592E459417D}.Release|Any CPU.ActiveCfg = Release|Any CPU
		{36EF3324-31A5-45F4-B41B-E592E459417D}.Release|Any CPU.Build.0 = Release|Any CPU
		{C5F83DC2-FCB6-4BAF-8E7C-CEE837425B69}.Debug|Any CPU.ActiveCfg = Debug|Any CPU
		{C5F83DC2-FCB6-4BAF-8E7C-CEE837425B69}.Debug|Any CPU.Build.0 = Debug|Any CPU
		{C5F83DC2-FCB6-4BAF-8E7C-CEE837425B69}.Release|Any CPU.ActiveCfg = Release|Any CPU
		{C5F83DC2-FCB6-4BAF-8E7C-CEE837425B69}.Release|Any CPU.Build.0 = Release|Any CPU
		{817E6ECA-1622-4BE1-B47D-D57FDA239AB6}.Debug|Any CPU.ActiveCfg = Debug|Any CPU
		{817E6ECA-1622-4BE1-B47D-D57FDA239AB6}.Debug|Any CPU.Build.0 = Debug|Any CPU
		{817E6ECA-1622-4BE1-B47D-D57FDA239AB6}.Release|Any CPU.ActiveCfg = Release|Any CPU
		{817E6ECA-1622-4BE1-B47D-D57FDA239AB6}.Release|Any CPU.Build.0 = Release|Any CPU
		{43823E8D-01F8-4E16-BE0D-A5257E1E1F6C}.Debug|Any CPU.ActiveCfg = Debug|Any CPU
		{43823E8D-01F8-4E16-BE0D-A5257E1E1F6C}.Debug|Any CPU.Build.0 = Debug|Any CPU
		{43823E8D-01F8-4E16-BE0D-A5257E1E1F6C}.Release|Any CPU.ActiveCfg = Release|Any CPU
		{43823E8D-01F8-4E16-BE0D-A5257E1E1F6C}.Release|Any CPU.Build.0 = Release|Any CPU
		{A3D16720-302E-485F-B02A-D150B07B2E12}.Debug|Any CPU.ActiveCfg = Debug|Any CPU
		{A3D16720-302E-485F-B02A-D150B07B2E12}.Debug|Any CPU.Build.0 = Debug|Any CPU
		{A3D16720-302E-485F-B02A-D150B07B2E12}.Release|Any CPU.ActiveCfg = Release|Any CPU
		{A3D16720-302E-485F-B02A-D150B07B2E12}.Release|Any CPU.Build.0 = Release|Any CPU
		{EB9901C3-EF23-4E53-A0F0-87283C3968A3}.Debug|Any CPU.ActiveCfg = Debug|Any CPU
		{EB9901C3-EF23-4E53-A0F0-87283C3968A3}.Debug|Any CPU.Build.0 = Debug|Any CPU
		{EB9901C3-EF23-4E53-A0F0-87283C3968A3}.Release|Any CPU.ActiveCfg = Release|Any CPU
		{EB9901C3-EF23-4E53-A0F0-87283C3968A3}.Release|Any CPU.Build.0 = Release|Any CPU
		{ADFB68DC-255C-4974-AFBB-BCA6CD96B9E3}.Debug|Any CPU.ActiveCfg = Debug|Any CPU
		{ADFB68DC-255C-4974-AFBB-BCA6CD96B9E3}.Debug|Any CPU.Build.0 = Debug|Any CPU
		{ADFB68DC-255C-4974-AFBB-BCA6CD96B9E3}.Release|Any CPU.ActiveCfg = Release|Any CPU
		{ADFB68DC-255C-4974-AFBB-BCA6CD96B9E3}.Release|Any CPU.Build.0 = Release|Any CPU
		{7F8D412D-125E-4B8C-8999-F18F7A887D54}.Debug|Any CPU.ActiveCfg = Debug|Any CPU
		{7F8D412D-125E-4B8C-8999-F18F7A887D54}.Debug|Any CPU.Build.0 = Debug|Any CPU
		{7F8D412D-125E-4B8C-8999-F18F7A887D54}.Release|Any CPU.ActiveCfg = Release|Any CPU
		{7F8D412D-125E-4B8C-8999-F18F7A887D54}.Release|Any CPU.Build.0 = Release|Any CPU
		{9F79A705-C281-46B0-9A9F-F70E1C9394C9}.Debug|Any CPU.ActiveCfg = Debug|Any CPU
		{9F79A705-C281-46B0-9A9F-F70E1C9394C9}.Debug|Any CPU.Build.0 = Debug|Any CPU
		{9F79A705-C281-46B0-9A9F-F70E1C9394C9}.Release|Any CPU.ActiveCfg = Release|Any CPU
		{9F79A705-C281-46B0-9A9F-F70E1C9394C9}.Release|Any CPU.Build.0 = Release|Any CPU
		{9A6E52C0-A178-435C-8FC4-7AABC647F949}.Debug|Any CPU.ActiveCfg = Debug|Any CPU
		{9A6E52C0-A178-435C-8FC4-7AABC647F949}.Debug|Any CPU.Build.0 = Debug|Any CPU
		{9A6E52C0-A178-435C-8FC4-7AABC647F949}.Release|Any CPU.ActiveCfg = Release|Any CPU
		{9A6E52C0-A178-435C-8FC4-7AABC647F949}.Release|Any CPU.Build.0 = Release|Any CPU
		{327485CE-E9BF-40A7-906D-5A71999437E6}.Debug|Any CPU.ActiveCfg = Debug|Any CPU
		{327485CE-E9BF-40A7-906D-5A71999437E6}.Debug|Any CPU.Build.0 = Debug|Any CPU
		{327485CE-E9BF-40A7-906D-5A71999437E6}.Release|Any CPU.ActiveCfg = Release|Any CPU
		{327485CE-E9BF-40A7-906D-5A71999437E6}.Release|Any CPU.Build.0 = Release|Any CPU
		{FFD67886-0251-48B7-B56D-9A7F9546B9FF}.Debug|Any CPU.ActiveCfg = Debug|Any CPU
		{FFD67886-0251-48B7-B56D-9A7F9546B9FF}.Debug|Any CPU.Build.0 = Debug|Any CPU
		{FFD67886-0251-48B7-B56D-9A7F9546B9FF}.Release|Any CPU.ActiveCfg = Release|Any CPU
		{FFD67886-0251-48B7-B56D-9A7F9546B9FF}.Release|Any CPU.Build.0 = Release|Any CPU
		{A7206FCD-1EAD-4CC2-9CDD-737A814AB241}.Debug|Any CPU.ActiveCfg = Debug|Any CPU
		{A7206FCD-1EAD-4CC2-9CDD-737A814AB241}.Debug|Any CPU.Build.0 = Debug|Any CPU
		{A7206FCD-1EAD-4CC2-9CDD-737A814AB241}.Release|Any CPU.ActiveCfg = Release|Any CPU
		{A7206FCD-1EAD-4CC2-9CDD-737A814AB241}.Release|Any CPU.Build.0 = Release|Any CPU
		{100F7964-4EE5-4DB3-9152-7796CFAD6354}.Debug|Any CPU.ActiveCfg = Debug|Any CPU
		{100F7964-4EE5-4DB3-9152-7796CFAD6354}.Debug|Any CPU.Build.0 = Debug|Any CPU
		{100F7964-4EE5-4DB3-9152-7796CFAD6354}.Release|Any CPU.ActiveCfg = Release|Any CPU
		{100F7964-4EE5-4DB3-9152-7796CFAD6354}.Release|Any CPU.Build.0 = Release|Any CPU
		{32547DAF-AB6D-4CB6-ADF4-B62AFABA5A8D}.Debug|Any CPU.ActiveCfg = Debug|Any CPU
		{32547DAF-AB6D-4CB6-ADF4-B62AFABA5A8D}.Debug|Any CPU.Build.0 = Debug|Any CPU
		{32547DAF-AB6D-4CB6-ADF4-B62AFABA5A8D}.Release|Any CPU.ActiveCfg = Release|Any CPU
		{32547DAF-AB6D-4CB6-ADF4-B62AFABA5A8D}.Release|Any CPU.Build.0 = Release|Any CPU
		{76E4B808-9B7F-4B8B-86BD-A5486D4866CF}.Debug|Any CPU.ActiveCfg = Debug|Any CPU
		{76E4B808-9B7F-4B8B-86BD-A5486D4866CF}.Debug|Any CPU.Build.0 = Debug|Any CPU
		{76E4B808-9B7F-4B8B-86BD-A5486D4866CF}.Release|Any CPU.ActiveCfg = Release|Any CPU
		{76E4B808-9B7F-4B8B-86BD-A5486D4866CF}.Release|Any CPU.Build.0 = Release|Any CPU
		{6923012F-7238-41A8-A00A-F1C95AD61931}.Debug|Any CPU.ActiveCfg = Debug|Any CPU
		{6923012F-7238-41A8-A00A-F1C95AD61931}.Debug|Any CPU.Build.0 = Debug|Any CPU
		{6923012F-7238-41A8-A00A-F1C95AD61931}.Release|Any CPU.ActiveCfg = Release|Any CPU
		{6923012F-7238-41A8-A00A-F1C95AD61931}.Release|Any CPU.Build.0 = Release|Any CPU
		{491F00CA-CE9D-4FDD-A1C6-0D2D7F581B1D}.Debug|Any CPU.ActiveCfg = Debug|Any CPU
		{491F00CA-CE9D-4FDD-A1C6-0D2D7F581B1D}.Debug|Any CPU.Build.0 = Debug|Any CPU
		{491F00CA-CE9D-4FDD-A1C6-0D2D7F581B1D}.Release|Any CPU.ActiveCfg = Release|Any CPU
		{491F00CA-CE9D-4FDD-A1C6-0D2D7F581B1D}.Release|Any CPU.Build.0 = Release|Any CPU
		{4188C6D5-16A2-4BB0-8F01-BC6ED9000A29}.Debug|Any CPU.ActiveCfg = Debug|Any CPU
		{4188C6D5-16A2-4BB0-8F01-BC6ED9000A29}.Debug|Any CPU.Build.0 = Debug|Any CPU
		{4188C6D5-16A2-4BB0-8F01-BC6ED9000A29}.Release|Any CPU.ActiveCfg = Release|Any CPU
		{4188C6D5-16A2-4BB0-8F01-BC6ED9000A29}.Release|Any CPU.Build.0 = Release|Any CPU
		{74E04A1E-821D-4FE8-B57D-A67BC9A57122}.Debug|Any CPU.ActiveCfg = Debug|Any CPU
		{74E04A1E-821D-4FE8-B57D-A67BC9A57122}.Debug|Any CPU.Build.0 = Debug|Any CPU
		{74E04A1E-821D-4FE8-B57D-A67BC9A57122}.Release|Any CPU.ActiveCfg = Release|Any CPU
		{74E04A1E-821D-4FE8-B57D-A67BC9A57122}.Release|Any CPU.Build.0 = Release|Any CPU
		{8BFAFF52-74CD-43F0-80C5-85E72BDBA1A2}.Debug|Any CPU.ActiveCfg = Debug|Any CPU
		{8BFAFF52-74CD-43F0-80C5-85E72BDBA1A2}.Debug|Any CPU.Build.0 = Debug|Any CPU
		{8BFAFF52-74CD-43F0-80C5-85E72BDBA1A2}.Release|Any CPU.ActiveCfg = Release|Any CPU
		{8BFAFF52-74CD-43F0-80C5-85E72BDBA1A2}.Release|Any CPU.Build.0 = Release|Any CPU
		{1DE72650-BEFB-475E-B911-BD5E76648EF7}.Debug|Any CPU.ActiveCfg = Debug|Any CPU
		{1DE72650-BEFB-475E-B911-BD5E76648EF7}.Debug|Any CPU.Build.0 = Debug|Any CPU
		{1DE72650-BEFB-475E-B911-BD5E76648EF7}.Release|Any CPU.ActiveCfg = Release|Any CPU
		{1DE72650-BEFB-475E-B911-BD5E76648EF7}.Release|Any CPU.Build.0 = Release|Any CPU
		{B799E489-7CC7-41D4-8A13-F27AB918AB88}.Debug|Any CPU.ActiveCfg = Debug|Any CPU
		{B799E489-7CC7-41D4-8A13-F27AB918AB88}.Debug|Any CPU.Build.0 = Debug|Any CPU
		{B799E489-7CC7-41D4-8A13-F27AB918AB88}.Release|Any CPU.ActiveCfg = Release|Any CPU
		{B799E489-7CC7-41D4-8A13-F27AB918AB88}.Release|Any CPU.Build.0 = Release|Any CPU
		{0266D8D8-6FF4-4A7D-84B1-AF3ADD8A3916}.Debug|Any CPU.ActiveCfg = Debug|Any CPU
		{0266D8D8-6FF4-4A7D-84B1-AF3ADD8A3916}.Debug|Any CPU.Build.0 = Debug|Any CPU
		{0266D8D8-6FF4-4A7D-84B1-AF3ADD8A3916}.Release|Any CPU.ActiveCfg = Release|Any CPU
		{0266D8D8-6FF4-4A7D-84B1-AF3ADD8A3916}.Release|Any CPU.Build.0 = Release|Any CPU
		{A784E173-639E-4472-9242-6E39A9FC4731}.Debug|Any CPU.ActiveCfg = Debug|Any CPU
		{A784E173-639E-4472-9242-6E39A9FC4731}.Debug|Any CPU.Build.0 = Debug|Any CPU
		{A784E173-639E-4472-9242-6E39A9FC4731}.Release|Any CPU.ActiveCfg = Release|Any CPU
		{A784E173-639E-4472-9242-6E39A9FC4731}.Release|Any CPU.Build.0 = Release|Any CPU
		{2C18282E-A7F6-444D-8F9F-F7D4249277B5}.Debug|Any CPU.ActiveCfg = Debug|Any CPU
		{2C18282E-A7F6-444D-8F9F-F7D4249277B5}.Debug|Any CPU.Build.0 = Debug|Any CPU
		{2C18282E-A7F6-444D-8F9F-F7D4249277B5}.Release|Any CPU.ActiveCfg = Release|Any CPU
		{2C18282E-A7F6-444D-8F9F-F7D4249277B5}.Release|Any CPU.Build.0 = Release|Any CPU
		{D325940B-51DC-4143-B952-1D97456F2ECE}.Debug|Any CPU.ActiveCfg = Debug|Any CPU
		{D325940B-51DC-4143-B952-1D97456F2ECE}.Debug|Any CPU.Build.0 = Debug|Any CPU
		{D325940B-51DC-4143-B952-1D97456F2ECE}.Release|Any CPU.ActiveCfg = Release|Any CPU
		{D325940B-51DC-4143-B952-1D97456F2ECE}.Release|Any CPU.Build.0 = Release|Any CPU
		{AFAC8DCE-1A89-47CE-9BCF-4D04D14A2FA7}.Debug|Any CPU.ActiveCfg = Debug|Any CPU
		{AFAC8DCE-1A89-47CE-9BCF-4D04D14A2FA7}.Debug|Any CPU.Build.0 = Debug|Any CPU
		{AFAC8DCE-1A89-47CE-9BCF-4D04D14A2FA7}.Release|Any CPU.ActiveCfg = Release|Any CPU
		{AFAC8DCE-1A89-47CE-9BCF-4D04D14A2FA7}.Release|Any CPU.Build.0 = Release|Any CPU
		{FA2D3F8E-1CC4-4D81-B672-49C6A642DF31}.Debug|Any CPU.ActiveCfg = Debug|Any CPU
		{FA2D3F8E-1CC4-4D81-B672-49C6A642DF31}.Debug|Any CPU.Build.0 = Debug|Any CPU
		{FA2D3F8E-1CC4-4D81-B672-49C6A642DF31}.Release|Any CPU.ActiveCfg = Release|Any CPU
		{FA2D3F8E-1CC4-4D81-B672-49C6A642DF31}.Release|Any CPU.Build.0 = Release|Any CPU
		{1D45BFA1-9A5C-48AA-A41D-05843C547B01}.Debug|Any CPU.ActiveCfg = Debug|Any CPU
		{1D45BFA1-9A5C-48AA-A41D-05843C547B01}.Debug|Any CPU.Build.0 = Debug|Any CPU
		{1D45BFA1-9A5C-48AA-A41D-05843C547B01}.Release|Any CPU.ActiveCfg = Release|Any CPU
		{1D45BFA1-9A5C-48AA-A41D-05843C547B01}.Release|Any CPU.Build.0 = Release|Any CPU
		{CC8340C2-039E-4C27-99AF-C4222E86AAAF}.Debug|Any CPU.ActiveCfg = Debug|Any CPU
		{CC8340C2-039E-4C27-99AF-C4222E86AAAF}.Debug|Any CPU.Build.0 = Debug|Any CPU
		{CC8340C2-039E-4C27-99AF-C4222E86AAAF}.Release|Any CPU.ActiveCfg = Release|Any CPU
		{CC8340C2-039E-4C27-99AF-C4222E86AAAF}.Release|Any CPU.Build.0 = Release|Any CPU
		{E41E4773-5974-4711-A2A2-34788AD5E947}.Debug|Any CPU.ActiveCfg = Debug|Any CPU
		{E41E4773-5974-4711-A2A2-34788AD5E947}.Debug|Any CPU.Build.0 = Debug|Any CPU
		{E41E4773-5974-4711-A2A2-34788AD5E947}.Release|Any CPU.ActiveCfg = Release|Any CPU
		{E41E4773-5974-4711-A2A2-34788AD5E947}.Release|Any CPU.Build.0 = Release|Any CPU
	EndGlobalSection
	GlobalSection(SolutionProperties) = preSolution
		HideSolutionNode = FALSE
	EndGlobalSection
	GlobalSection(NestedProjects) = preSolution
		{A3D96AAA-6D85-4A39-93F2-FE4E518053C3} = {C918E033-156B-4E08-A843-05D913638B76}
		{6E7C7C25-48EE-41F7-8DFF-6FDFDC2B16F0} = {308E3F13-5B36-4460-97B6-A1176FD6EFA2}
		{FBFEE8DF-8942-42BB-9311-E112F32F9A86} = {F81D7DEF-BB2D-4266-82F1-4CFB771FC6EC}
		{FDB76285-AEBF-4117-9CE1-928F8DE352A2} = {CCD1DBD3-47D1-4EFF-8071-4A5E0214EF37}
		{00C585BA-7990-4586-8C7D-F2FC45174CE0} = {67BD32BB-7544-4B2C-AF19-24495064EF5F}
		{1A3F8A65-9AA3-476B-902D-493619FEE4F9} = {F383B410-0F39-4887-BCC9-9AB7D10B2F39}
		{1E1B6BB0-F19D-435D-8237-9BAD5030D78A} = {68945ADE-5DD0-427E-9039-A5D6FA3BA5A6}
		{5C39E6B5-A579-4BB1-812E-3C6D11117836} = {F1FABB91-4BA8-4015-A07A-AD6BE906595C}
		{281B0454-F990-4489-B84C-6253F39552C5} = {AA51AB9D-C963-418B-9AF2-01510E6EAFCA}
		{36EF3324-31A5-45F4-B41B-E592E459417D} = {90C3BE58-ECC4-4903-88EE-8687B7CF7556}
		{C5F83DC2-FCB6-4BAF-8E7C-CEE837425B69} = {A745092D-24EF-41D6-9D70-61345FBD2E9F}
		{817E6ECA-1622-4BE1-B47D-D57FDA239AB6} = {7377ADE9-4A2D-4A9B-A7FC-1EAD793612DD}
		{43823E8D-01F8-4E16-BE0D-A5257E1E1F6C} = {504848E3-0CF0-47D1-92E8-21942607E9B1}
		{A3D16720-302E-485F-B02A-D150B07B2E12} = {551C5149-8E7C-4663-97DD-1AD12BD25527}
		{EB9901C3-EF23-4E53-A0F0-87283C3968A3} = {EB2A3DB5-839E-46C1-8373-EB15448FAD00}
		{ADFB68DC-255C-4974-AFBB-BCA6CD96B9E3} = {4DFF7BD9-A59A-4328-B981-46DB440881D6}
		{7F8D412D-125E-4B8C-8999-F18F7A887D54} = {4C6E39E5-A15A-44CB-906C-91C722FA7C9E}
		{9F79A705-C281-46B0-9A9F-F70E1C9394C9} = {43017B36-B4F2-411D-BD23-A7AE5A3B24E7}
		{9A6E52C0-A178-435C-8FC4-7AABC647F949} = {52762CC9-DF2D-4C4D-90C5-7E2EF50541A5}
		{327485CE-E9BF-40A7-906D-5A71999437E6} = {79968911-5B12-450D-BE35-EB43302169CF}
		{FFD67886-0251-48B7-B56D-9A7F9546B9FF} = {87C11B1B-5B38-4309-A42E-5BF5EBFD2674}
		{A7206FCD-1EAD-4CC2-9CDD-737A814AB241} = {8FBF5A7D-9E14-4595-8638-AF222282858C}
		{100F7964-4EE5-4DB3-9152-7796CFAD6354} = {6AB1DE30-34C4-421D-91AE-D7074C2CD70E}
		{32547DAF-AB6D-4CB6-ADF4-B62AFABA5A8D} = {08614275-F1B1-484E-AE55-686EB8B281E9}
		{76E4B808-9B7F-4B8B-86BD-A5486D4866CF} = {1F8F9ADC-A557-4FB6-BB29-BB4545682E2C}
		{6923012F-7238-41A8-A00A-F1C95AD61931} = {641D6677-5875-4C7D-84D1-84634CF3D65B}
		{491F00CA-CE9D-4FDD-A1C6-0D2D7F581B1D} = {94F0E9BD-2532-41BF-9DCE-F717978C6BEE}
		{4188C6D5-16A2-4BB0-8F01-BC6ED9000A29} = {BE05DE28-B4F0-4736-B124-C6B0482775C7}
		{74E04A1E-821D-4FE8-B57D-A67BC9A57122} = {2B30D992-813F-4614-9B0E-8BD6050BE5B4}
		{8BFAFF52-74CD-43F0-80C5-85E72BDBA1A2} = {6CEA3663-7928-45E3-9DD0-90EE1037367E}
		{1DE72650-BEFB-475E-B911-BD5E76648EF7} = {9B71AF2C-A73C-4B12-86D0-4A5EB9221131}
		{B799E489-7CC7-41D4-8A13-F27AB918AB88} = {C888025F-06EF-4B08-81F9-38E7649AB604}
		{0266D8D8-6FF4-4A7D-84B1-AF3ADD8A3916} = {31B64F7B-2F21-4F85-B30A-2E912F570DA8}
		{A784E173-639E-4472-9242-6E39A9FC4731} = {B1778E8B-DB01-4A02-8F13-13016878C07A}
		{2C18282E-A7F6-444D-8F9F-F7D4249277B5} = {3EB0E97C-FBF9-49C4-BB89-19ABFED85747}
		{D325940B-51DC-4143-B952-1D97456F2ECE} = {C91A009D-A0B4-4D4A-B229-20F27DAE6B64}
		{AFAC8DCE-1A89-47CE-9BCF-4D04D14A2FA7} = {961A0BA2-8F13-424B-A6AD-F856A9C76E59}
		{FA2D3F8E-1CC4-4D81-B672-49C6A642DF31} = {2C866225-F8E3-4BBC-8CF9-5166D738128C}
		{1D45BFA1-9A5C-48AA-A41D-05843C547B01} = {816A5BC6-28AC-4D19-98A2-2E6F159CBBA1}
		{CC8340C2-039E-4C27-99AF-C4222E86AAAF} = {1FEB3200-879E-45D2-A9A6-7753F9884CAD}
		{E41E4773-5974-4711-A2A2-34788AD5E947} = {B491C954-1FB6-4F29-9FC6-07C95ADEC96E}
	EndGlobalSection
	GlobalSection(ExtensibilityGlobals) = postSolution
		SolutionGuid = {459B0B71-3B5D-49E1-A3D2-35ED5E169884}
	EndGlobalSection
EndGlobal
